
Microsoft Visual Studio Solution File, Format Version 12.00
# Visual Studio 14
VisualStudioVersion = 14.0.22823.1
MinimumVisualStudioVersion = 10.0.40219.1
Project("{FAE04EC0-301F-11D3-BF4B-00C04F79EFBC}") = "ReportGrabber", "ReportGrabber\ReportGrabber.csproj", "{C3CC4EF6-69EA-424C-ADEE-29227AEADE3C}"
EndProject
Project("{2150E333-8FDC-42A3-9474-1A3956D46DE8}") = "Tests", "Tests", "{EB272D37-B238-44F8-92A8-302C3B177E12}"
EndProject
Project("{FAE04EC0-301F-11D3-BF4B-00C04F79EFBC}") = "Tests.ReportGrabber", "Tests.ReportGrabber\Tests.ReportGrabber.csproj", "{48D17D79-7611-4678-A241-6892A0A80E43}"
EndProject
Global
	GlobalSection(SolutionConfigurationPlatforms) = preSolution
		Debug|Any CPU = Debug|Any CPU
		Release|Any CPU = Release|Any CPU
	EndGlobalSection
	GlobalSection(ProjectConfigurationPlatforms) = postSolution
		{C3CC4EF6-69EA-424C-ADEE-29227AEADE3C}.Debug|Any CPU.ActiveCfg = Debug|Any CPU
		{C3CC4EF6-69EA-424C-ADEE-29227AEADE3C}.Debug|Any CPU.Build.0 = Debug|Any CPU
		{C3CC4EF6-69EA-424C-ADEE-29227AEADE3C}.Release|Any CPU.ActiveCfg = Release|Any CPU
		{C3CC4EF6-69EA-424C-ADEE-29227AEADE3C}.Release|Any CPU.Build.0 = Release|Any CPU
		{48D17D79-7611-4678-A241-6892A0A80E43}.Debug|Any CPU.ActiveCfg = Debug|Any CPU
		{48D17D79-7611-4678-A241-6892A0A80E43}.Debug|Any CPU.Build.0 = Debug|Any CPU
		{48D17D79-7611-4678-A241-6892A0A80E43}.Release|Any CPU.ActiveCfg = Release|Any CPU
		{48D17D79-7611-4678-A241-6892A0A80E43}.Release|Any CPU.Build.0 = Release|Any CPU
	EndGlobalSection
	GlobalSection(SolutionProperties) = preSolution
		HideSolutionNode = FALSE
	EndGlobalSection
	GlobalSection(NestedProjects) = preSolution
		{48D17D79-7611-4678-A241-6892A0A80E43} = {EB272D37-B238-44F8-92A8-302C3B177E12}
	EndGlobalSection
EndGlobal
